// !$*UTF8*$!
{
	archiveVersion = 1;
	classes = {
	};
	objectVersion = 46;
	objects = {

/* Begin PBXBuildFile section */
		D5AD5F7E1CA918E800C645B5 /* main.m in Sources */ = {isa = PBXBuildFile; fileRef = D5AD5F7D1CA918E800C645B5 /* main.m */; };
		D5AD5F811CA918E800C645B5 /* AppDelegate.m in Sources */ = {isa = PBXBuildFile; fileRef = D5AD5F801CA918E800C645B5 /* AppDelegate.m */; };
		D5AD5F841CA918E800C645B5 /* ViewController.m in Sources */ = {isa = PBXBuildFile; fileRef = D5AD5F831CA918E800C645B5 /* ViewController.m */; };
		D5AD5F871CA918E800C645B5 /* Main.storyboard in Resources */ = {isa = PBXBuildFile; fileRef = D5AD5F851CA918E800C645B5 /* Main.storyboard */; };
		D5AD5F891CA918E800C645B5 /* Assets.xcassets in Resources */ = {isa = PBXBuildFile; fileRef = D5AD5F881CA918E800C645B5 /* Assets.xcassets */; };
		D5AD5F8C1CA918E800C645B5 /* LaunchScreen.storyboard in Resources */ = {isa = PBXBuildFile; fileRef = D5AD5F8A1CA918E800C645B5 /* LaunchScreen.storyboard */; };
		D5AD5F971CA918E800C645B5 /* _0160328003_Quartz2D_ClipScreenTests.m in Sources */ = {isa = PBXBuildFile; fileRef = D5AD5F961CA918E800C645B5 /* _0160328003_Quartz2D_ClipScreenTests.m */; };
		D5AD5FA21CA918E800C645B5 /* _0160328003_Quartz2D_ClipScreenUITests.m in Sources */ = {isa = PBXBuildFile; fileRef = D5AD5FA11CA918E800C645B5 /* _0160328003_Quartz2D_ClipScreenUITests.m */; };
/* End PBXBuildFile section */

/* Begin PBXContainerItemProxy section */
		D5AD5F931CA918E800C645B5 /* PBXContainerItemProxy */ = {
			isa = PBXContainerItemProxy;
			containerPortal = D5AD5F711CA918E800C645B5 /* Project object */;
			proxyType = 1;
			remoteGlobalIDString = D5AD5F781CA918E800C645B5;
			remoteInfo = "20160328003-Quartz2D-ClipScreen";
		};
		D5AD5F9E1CA918E800C645B5 /* PBXContainerItemProxy */ = {
			isa = PBXContainerItemProxy;
			containerPortal = D5AD5F711CA918E800C645B5 /* Project object */;
			proxyType = 1;
			remoteGlobalIDString = D5AD5F781CA918E800C645B5;
			remoteInfo = "20160328003-Quartz2D-ClipScreen";
		};
/* End PBXContainerItemProxy section */

/* Begin PBXFileReference section */
		D5AD5F791CA918E800C645B5 /* 20160328003-Quartz2D-ClipScreen.app */ = {isa = PBXFileReference; explicitFileType = wrapper.application; includeInIndex = 0; path = "20160328003-Quartz2D-ClipScreen.app"; sourceTree = BUILT_PRODUCTS_DIR; };
		D5AD5F7D1CA918E800C645B5 /* main.m */ = {isa = PBXFileReference; lastKnownFileType = sourcecode.c.objc; path = main.m; sourceTree = "<group>"; };
		D5AD5F7F1CA918E800C645B5 /* AppDelegate.h */ = {isa = PBXFileReference; lastKnownFileType = sourcecode.c.h; path = AppDelegate.h; sourceTree = "<group>"; };
		D5AD5F801CA918E800C645B5 /* AppDelegate.m */ = {isa = PBXFileReference; lastKnownFileType = sourcecode.c.objc; path = AppDelegate.m; sourceTree = "<group>"; };
		D5AD5F821CA918E800C645B5 /* ViewController.h */ = {isa = PBXFileReference; lastKnownFileType = sourcecode.c.h; path = ViewController.h; sourceTree = "<group>"; };
		D5AD5F831CA918E800C645B5 /* ViewController.m */ = {isa = PBXFileReference; lastKnownFileType = sourcecode.c.objc; path = ViewController.m; sourceTree = "<group>"; };
		D5AD5F861CA918E800C645B5 /* Base */ = {isa = PBXFileReference; lastKnownFileType = file.storyboard; name = Base; path = Base.lproj/Main.storyboard; sourceTree = "<group>"; };
		D5AD5F881CA918E800C645B5 /* Assets.xcassets */ = {isa = PBXFileReference; lastKnownFileType = folder.assetcatalog; path = Assets.xcassets; sourceTree = "<group>"; };
		D5AD5F8B1CA918E800C645B5 /* Base */ = {isa = PBXFileReference; lastKnownFileType = file.storyboard; name = Base; path = Base.lproj/LaunchScreen.storyboard; sourceTree = "<group>"; };
		D5AD5F8D1CA918E800C645B5 /* Info.plist */ = {isa = PBXFileReference; lastKnownFileType = text.plist.xml; path = Info.plist; sourceTree = "<group>"; };
		D5AD5F921CA918E800C645B5 /* 20160328003-Quartz2D-ClipScreenTests.xctest */ = {isa = PBXFileReference; explicitFileType = wrapper.cfbundle; includeInIndex = 0; path = "20160328003-Quartz2D-ClipScreenTests.xctest"; sourceTree = BUILT_PRODUCTS_DIR; };
		D5AD5F961CA918E800C645B5 /* _0160328003_Quartz2D_ClipScreenTests.m */ = {isa = PBXFileReference; lastKnownFileType = sourcecode.c.objc; path = _0160328003_Quartz2D_ClipScreenTests.m; sourceTree = "<group>"; };
		D5AD5F981CA918E800C645B5 /* Info.plist */ = {isa = PBXFileReference; lastKnownFileType = text.plist.xml; path = Info.plist; sourceTree = "<group>"; };
		D5AD5F9D1CA918E800C645B5 /* 20160328003-Quartz2D-ClipScreenUITests.xctest */ = {isa = PBXFileReference; explicitFileType = wrapper.cfbundle; includeInIndex = 0; path = "20160328003-Quartz2D-ClipScreenUITests.xctest"; sourceTree = BUILT_PRODUCTS_DIR; };
		D5AD5FA11CA918E800C645B5 /* _0160328003_Quartz2D_ClipScreenUITests.m */ = {isa = PBXFileReference; lastKnownFileType = sourcecode.c.objc; path = _0160328003_Quartz2D_ClipScreenUITests.m; sourceTree = "<group>"; };
		D5AD5FA31CA918E800C645B5 /* Info.plist */ = {isa = PBXFileReference; lastKnownFileType = text.plist.xml; path = Info.plist; sourceTree = "<group>"; };
/* End PBXFileReference section */

/* Begin PBXFrameworksBuildPhase section */
		D5AD5F761CA918E800C645B5 /* Frameworks */ = {
			isa = PBXFrameworksBuildPhase;
			buildActionMask = 2147483647;
			files = (
			);
			runOnlyForDeploymentPostprocessing = 0;
		};
		D5AD5F8F1CA918E800C645B5 /* Frameworks */ = {
			isa = PBXFrameworksBuildPhase;
			buildActionMask = 2147483647;
			files = (
			);
			runOnlyForDeploymentPostprocessing = 0;
		};
		D5AD5F9A1CA918E800C645B5 /* Frameworks */ = {
			isa = PBXFrameworksBuildPhase;
			buildActionMask = 2147483647;
			files = (
			);
			runOnlyForDeploymentPostprocessing = 0;
		};
/* End PBXFrameworksBuildPhase section */

/* Begin PBXGroup section */
		D5AD5F701CA918E800C645B5 = {
			isa = PBXGroup;
			children = (
				D5AD5F7B1CA918E800C645B5 /* 20160328003-Quartz2D-ClipScreen */,
				D5AD5F951CA918E800C645B5 /* 20160328003-Quartz2D-ClipScreenTests */,
				D5AD5FA01CA918E800C645B5 /* 20160328003-Quartz2D-ClipScreenUITests */,
				D5AD5F7A1CA918E800C645B5 /* Products */,
			);
			sourceTree = "<group>";
		};
		D5AD5F7A1CA918E800C645B5 /* Products */ = {
			isa = PBXGroup;
			children = (
				D5AD5F791CA918E800C645B5 /* 20160328003-Quartz2D-ClipScreen.app */,
				D5AD5F921CA918E800C645B5 /* 20160328003-Quartz2D-ClipScreenTests.xctest */,
				D5AD5F9D1CA918E800C645B5 /* 20160328003-Quartz2D-ClipScreenUITests.xctest */,
			);
			name = Products;
			sourceTree = "<group>";
		};
		D5AD5F7B1CA918E800C645B5 /* 20160328003-Quartz2D-ClipScreen */ = {
			isa = PBXGroup;
			children = (
				D5AD5F7F1CA918E800C645B5 /* AppDelegate.h */,
				D5AD5F801CA918E800C645B5 /* AppDelegate.m */,
				D5AD5F821CA918E800C645B5 /* ViewController.h */,
				D5AD5F831CA918E800C645B5 /* ViewController.m */,
				D5AD5F851CA918E800C645B5 /* Main.storyboard */,
				D5AD5F881CA918E800C645B5 /* Assets.xcassets */,
				D5AD5F8A1CA918E800C645B5 /* LaunchScreen.storyboard */,
				D5AD5F8D1CA918E800C645B5 /* Info.plist */,
				D5AD5F7C1CA918E800C645B5 /* Supporting Files */,
			);
			path = "20160328003-Quartz2D-ClipScreen";
			sourceTree = "<group>";
		};
		D5AD5F7C1CA918E800C645B5 /* Supporting Files */ = {
			isa = PBXGroup;
			children = (
				D5AD5F7D1CA918E800C645B5 /* main.m */,
			);
			name = "Supporting Files";
			sourceTree = "<group>";
		};
		D5AD5F951CA918E800C645B5 /* 20160328003-Quartz2D-ClipScreenTests */ = {
			isa = PBXGroup;
			children = (
				D5AD5F961CA918E800C645B5 /* _0160328003_Quartz2D_ClipScreenTests.m */,
				D5AD5F981CA918E800C645B5 /* Info.plist */,
			);
			path = "20160328003-Quartz2D-ClipScreenTests";
			sourceTree = "<group>";
		};
		D5AD5FA01CA918E800C645B5 /* 20160328003-Quartz2D-ClipScreenUITests */ = {
			isa = PBXGroup;
			children = (
				D5AD5FA11CA918E800C645B5 /* _0160328003_Quartz2D_ClipScreenUITests.m */,
				D5AD5FA31CA918E800C645B5 /* Info.plist */,
			);
			path = "20160328003-Quartz2D-ClipScreenUITests";
			sourceTree = "<group>";
		};
/* End PBXGroup section */

/* Begin PBXNativeTarget section */
		D5AD5F781CA918E800C645B5 /* 20160328003-Quartz2D-ClipScreen */ = {
			isa = PBXNativeTarget;
			buildConfigurationList = D5AD5FA61CA918E800C645B5 /* Build configuration list for PBXNativeTarget "20160328003-Quartz2D-ClipScreen" */;
			buildPhases = (
				D5AD5F751CA918E800C645B5 /* Sources */,
				D5AD5F761CA918E800C645B5 /* Frameworks */,
				D5AD5F771CA918E800C645B5 /* Resources */,
			);
			buildRules = (
			);
			dependencies = (
			);
			name = "20160328003-Quartz2D-ClipScreen";
			productName = "20160328003-Quartz2D-ClipScreen";
			productReference = D5AD5F791CA918E800C645B5 /* 20160328003-Quartz2D-ClipScreen.app */;
			productType = "com.apple.product-type.application";
		};
		D5AD5F911CA918E800C645B5 /* 20160328003-Quartz2D-ClipScreenTests */ = {
			isa = PBXNativeTarget;
			buildConfigurationList = D5AD5FA91CA918E800C645B5 /* Build configuration list for PBXNativeTarget "20160328003-Quartz2D-ClipScreenTests" */;
			buildPhases = (
				D5AD5F8E1CA918E800C645B5 /* Sources */,
				D5AD5F8F1CA918E800C645B5 /* Frameworks */,
				D5AD5F901CA918E800C645B5 /* Resources */,
			);
			buildRules = (
			);
			dependencies = (
				D5AD5F941CA918E800C645B5 /* PBXTargetDependency */,
			);
			name = "20160328003-Quartz2D-ClipScreenTests";
			productName = "20160328003-Quartz2D-ClipScreenTests";
			productReference = D5AD5F921CA918E800C645B5 /* 20160328003-Quartz2D-ClipScreenTests.xctest */;
			productType = "com.apple.product-type.bundle.unit-test";
		};
		D5AD5F9C1CA918E800C645B5 /* 20160328003-Quartz2D-ClipScreenUITests */ = {
			isa = PBXNativeTarget;
			buildConfigurationList = D5AD5FAC1CA918E800C645B5 /* Build configuration list for PBXNativeTarget "20160328003-Quartz2D-ClipScreenUITests" */;
			buildPhases = (
				D5AD5F991CA918E800C645B5 /* Sources */,
				D5AD5F9A1CA918E800C645B5 /* Frameworks */,
				D5AD5F9B1CA918E800C645B5 /* Resources */,
			);
			buildRules = (
			);
			dependencies = (
				D5AD5F9F1CA918E800C645B5 /* PBXTargetDependency */,
			);
			name = "20160328003-Quartz2D-ClipScreenUITests";
			productName = "20160328003-Quartz2D-ClipScreenUITests";
			productReference = D5AD5F9D1CA918E800C645B5 /* 20160328003-Quartz2D-ClipScreenUITests.xctest */;
			productType = "com.apple.product-type.bundle.ui-testing";
		};
/* End PBXNativeTarget section */

/* Begin PBXProject section */
		D5AD5F711CA918E800C645B5 /* Project object */ = {
			isa = PBXProject;
			attributes = {
				LastUpgradeCheck = 0730;
				ORGANIZATIONNAME = Rainer;
				TargetAttributes = {
					D5AD5F781CA918E800C645B5 = {
						CreatedOnToolsVersion = 7.3;
					};
					D5AD5F911CA918E800C645B5 = {
						CreatedOnToolsVersion = 7.3;
						TestTargetID = D5AD5F781CA918E800C645B5;
					};
					D5AD5F9C1CA918E800C645B5 = {
						CreatedOnToolsVersion = 7.3;
						TestTargetID = D5AD5F781CA918E800C645B5;
					};
				};
			};
			buildConfigurationList = D5AD5F741CA918E800C645B5 /* Build configuration list for PBXProject "20160328003-Quartz2D-ClipScreen" */;
			compatibilityVersion = "Xcode 3.2";
			developmentRegion = English;
			hasScannedForEncodings = 0;
			knownRegions = (
				en,
				Base,
			);
			mainGroup = D5AD5F701CA918E800C645B5;
			productRefGroup = D5AD5F7A1CA918E800C645B5 /* Products */;
			projectDirPath = "";
			projectRoot = "";
			targets = (
				D5AD5F781CA918E800C645B5 /* 20160328003-Quartz2D-ClipScreen */,
				D5AD5F911CA918E800C645B5 /* 20160328003-Quartz2D-ClipScreenTests */,
				D5AD5F9C1CA918E800C645B5 /* 20160328003-Quartz2D-ClipScreenUITests */,
			);
		};
/* End PBXProject section */

/* Begin PBXResourcesBuildPhase section */
		D5AD5F771CA918E800C645B5 /* Resources */ = {
			isa = PBXResourcesBuildPhase;
			buildActionMask = 2147483647;
			files = (
				D5AD5F8C1CA918E800C645B5 /* LaunchScreen.storyboard in Resources */,
				D5AD5F891CA918E800C645B5 /* Assets.xcassets in Resources */,
				D5AD5F871CA918E800C645B5 /* Main.storyboard in Resources */,
			);
			runOnlyForDeploymentPostprocessing = 0;
		};
		D5AD5F901CA918E800C645B5 /* Resources */ = {
			isa = PBXResourcesBuildPhase;
			buildActionMask = 2147483647;
			files = (
			);
			runOnlyForDeploymentPostprocessing = 0;
		};
		D5AD5F9B1CA918E800C645B5 /* Resources */ = {
			isa = PBXResourcesBuildPhase;
			buildActionMask = 2147483647;
			files = (
			);
			runOnlyForDeploymentPostprocessing = 0;
		};
/* End PBXResourcesBuildPhase section */

/* Begin PBXSourcesBuildPhase section */
		D5AD5F751CA918E800C645B5 /* Sources */ = {
			isa = PBXSourcesBuildPhase;
			buildActionMask = 2147483647;
			files = (
				D5AD5F841CA918E800C645B5 /* ViewController.m in Sources */,
				D5AD5F811CA918E800C645B5 /* AppDelegate.m in Sources */,
				D5AD5F7E1CA918E800C645B5 /* main.m in Sources */,
			);
			runOnlyForDeploymentPostprocessing = 0;
		};
		D5AD5F8E1CA918E800C645B5 /* Sources */ = {
			isa = PBXSourcesBuildPhase;
			buildActionMask = 2147483647;
			files = (
				D5AD5F971CA918E800C645B5 /* _0160328003_Quartz2D_ClipScreenTests.m in Sources */,
			);
			runOnlyForDeploymentPostprocessing = 0;
		};
		D5AD5F991CA918E800C645B5 /* Sources */ = {
			isa = PBXSourcesBuildPhase;
			buildActionMask = 2147483647;
			files = (
				D5AD5FA21CA918E800C645B5 /* _0160328003_Quartz2D_ClipScreenUITests.m in Sources */,
			);
			runOnlyForDeploymentPostprocessing = 0;
		};
/* End PBXSourcesBuildPhase section */

/* Begin PBXTargetDependency section */
		D5AD5F941CA918E800C645B5 /* PBXTargetDependency */ = {
			isa = PBXTargetDependency;
			target = D5AD5F781CA918E800C645B5 /* 20160328003-Quartz2D-ClipScreen */;
			targetProxy = D5AD5F931CA918E800C645B5 /* PBXContainerItemProxy */;
		};
		D5AD5F9F1CA918E800C645B5 /* PBXTargetDependency */ = {
			isa = PBXTargetDependency;
			target = D5AD5F781CA918E800C645B5 /* 20160328003-Quartz2D-ClipScreen */;
			targetProxy = D5AD5F9E1CA918E800C645B5 /* PBXContainerItemProxy */;
		};
/* End PBXTargetDependency section */

/* Begin PBXVariantGroup section */
		D5AD5F851CA918E800C645B5 /* Main.storyboard */ = {
			isa = PBXVariantGroup;
			children = (
				D5AD5F861CA918E800C645B5 /* Base */,
			);
			name = Main.storyboard;
			sourceTree = "<group>";
		};
		D5AD5F8A1CA918E800C645B5 /* LaunchScreen.storyboard */ = {
			isa = PBXVariantGroup;
			children = (
				D5AD5F8B1CA918E800C645B5 /* Base */,
			);
			name = LaunchScreen.storyboard;
			sourceTree = "<group>";
		};
/* End PBXVariantGroup section */

/* Begin XCBuildConfiguration section */
		D5AD5FA41CA918E800C645B5 /* Debug */ = {
			isa = XCBuildConfiguration;
			buildSettings = {
				ALWAYS_SEARCH_USER_PATHS = NO;
				CLANG_ANALYZER_NONNULL = YES;
				CLANG_CXX_LANGUAGE_STANDARD = "gnu++0x";
				CLANG_CXX_LIBRARY = "libc++";
				CLANG_ENABLE_MODULES = YES;
				CLANG_ENABLE_OBJC_ARC = YES;
				CLANG_WARN_BOOL_CONVERSION = YES;
				CLANG_WARN_CONSTANT_CONVERSION = YES;
				CLANG_WARN_DIRECT_OBJC_ISA_USAGE = YES_ERROR;
				CLANG_WARN_EMPTY_BODY = YES;
				CLANG_WARN_ENUM_CONVERSION = YES;
				CLANG_WARN_INT_CONVERSION = YES;
				CLANG_WARN_OBJC_ROOT_CLASS = YES_ERROR;
				CLANG_WARN_UNREACHABLE_CODE = YES;
				CLANG_WARN__DUPLICATE_METHOD_MATCH = YES;
				"CODE_SIGN_IDENTITY[sdk=iphoneos*]" = "iPhone Developer";
				COPY_PHASE_STRIP = NO;
				DEBUG_INFORMATION_FORMAT = dwarf;
				ENABLE_STRICT_OBJC_MSGSEND = YES;
				ENABLE_TESTABILITY = YES;
				GCC_C_LANGUAGE_STANDARD = gnu99;
				GCC_DYNAMIC_NO_PIC = NO;
				GCC_NO_COMMON_BLOCKS = YES;
				GCC_OPTIMIZATION_LEVEL = 0;
				GCC_PREPROCESSOR_DEFINITIONS = (
					"DEBUG=1",
					"$(inherited)",
				);
				GCC_WARN_64_TO_32_BIT_CONVERSION = YES;
				GCC_WARN_ABOUT_RETURN_TYPE = YES_ERROR;
				GCC_WARN_UNDECLARED_SELECTOR = YES;
				GCC_WARN_UNINITIALIZED_AUTOS = YES_AGGRESSIVE;
				GCC_WARN_UNUSED_FUNCTION = YES;
				GCC_WARN_UNUSED_VARIABLE = YES;
				IPHONEOS_DEPLOYMENT_TARGET = 9.3;
				MTL_ENABLE_DEBUG_INFO = YES;
				ONLY_ACTIVE_ARCH = YES;
				SDKROOT = iphoneos;
			};
			name = Debug;
		};
		D5AD5FA51CA918E800C645B5 /* Release */ = {
			isa = XCBuildConfiguration;
			buildSettings = {
				ALWAYS_SEARCH_USER_PATHS = NO;
				CLANG_ANALYZER_NONNULL = YES;
				CLANG_CXX_LANGUAGE_STANDARD = "gnu++0x";
				CLANG_CXX_LIBRARY = "libc++";
				CLANG_ENABLE_MODULES = YES;
				CLANG_ENABLE_OBJC_ARC = YES;
				CLANG_WARN_BOOL_CONVERSION = YES;
				CLANG_WARN_CONSTANT_CONVERSION = YES;
				CLANG_WARN_DIRECT_OBJC_ISA_USAGE = YES_ERROR;
				CLANG_WARN_EMPTY_BODY = YES;
				CLANG_WARN_ENUM_CONVERSION = YES;
				CLANG_WARN_INT_CONVERSION = YES;
				CLANG_WARN_OBJC_ROOT_CLASS = YES_ERROR;
				CLANG_WARN_UNREACHABLE_CODE = YES;
				CLANG_WARN__DUPLICATE_METHOD_MATCH = YES;
				"CODE_SIGN_IDENTITY[sdk=iphoneos*]" = "iPhone Developer";
				COPY_PHASE_STRIP = NO;
				DEBUG_INFORMATION_FORMAT = "dwarf-with-dsym";
				ENABLE_NS_ASSERTIONS = NO;
				ENABLE_STRICT_OBJC_MSGSEND = YES;
				GCC_C_LANGUAGE_STANDARD = gnu99;
				GCC_NO_COMMON_BLOCKS = YES;
				GCC_WARN_64_TO_32_BIT_CONVERSION = YES;
				GCC_WARN_ABOUT_RETURN_TYPE = YES_ERROR;
				GCC_WARN_UNDECLARED_SELECTOR = YES;
				GCC_WARN_UNINITIALIZED_AUTOS = YES_AGGRESSIVE;
				GCC_WARN_UNUSED_FUNCTION = YES;
				GCC_WARN_UNUSED_VARIABLE = YES;
				IPHONEOS_DEPLOYMENT_TARGET = 9.3;
				MTL_ENABLE_DEBUG_INFO = NO;
				SDKROOT = iphoneos;
				VALIDATE_PRODUCT = YES;
			};
			name = Release;
		};
		D5AD5FA71CA918E800C645B5 /* Debug */ = {
			isa = XCBuildConfiguration;
			buildSettings = {
				ASSETCATALOG_COMPILER_APPICON_NAME = AppIcon;
				INFOPLIST_FILE = "20160328003-Quartz2D-ClipScreen/Info.plist";
				LD_RUNPATH_SEARCH_PATHS = "$(inherited) @executable_path/Frameworks";
				PRODUCT_BUNDLE_IDENTIFIER = "com.rainer.-0160328003-Quartz2D-ClipScreen";
				PRODUCT_NAME = "$(TARGET_NAME)";
			};
			name = Debug;
		};
		D5AD5FA81CA918E800C645B5 /* Release */ = {
			isa = XCBuildConfiguration;
			buildSettings = {
				ASSETCATALOG_COMPILER_APPICON_NAME = AppIcon;
				INFOPLIST_FILE = "20160328003-Quartz2D-ClipScreen/Info.plist";
				LD_RUNPATH_SEARCH_PATHS = "$(inherited) @executable_path/Frameworks";
				PRODUCT_BUNDLE_IDENTIFIER = "com.rainer.-0160328003-Quartz2D-ClipScreen";
				PRODUCT_NAME = "$(TARGET_NAME)";
			};
			name = Release;
		};
		D5AD5FAA1CA918E800C645B5 /* Debug */ = {
			isa = XCBuildConfiguration;
			buildSettings = {
				BUNDLE_LOADER = "$(TEST_HOST)";
				INFOPLIST_FILE = "20160328003-Quartz2D-ClipScreenTests/Info.plist";
				LD_RUNPATH_SEARCH_PATHS = "$(inherited) @executable_path/Frameworks @loader_path/Frameworks";
				PRODUCT_BUNDLE_IDENTIFIER = "com.rainer.-0160328003-Quartz2D-ClipScreenTests";
				PRODUCT_NAME = "$(TARGET_NAME)";
				TEST_HOST = "$(BUILT_PRODUCTS_DIR)/20160328003-Quartz2D-ClipScreen.app/20160328003-Quartz2D-ClipScreen";
			};
			name = Debug;
		};
		D5AD5FAB1CA918E800C645B5 /* Release */ = {
			isa = XCBuildConfiguration;
			buildSettings = {
				BUNDLE_LOADER = "$(TEST_HOST)";
				INFOPLIST_FILE = "20160328003-Quartz2D-ClipScreenTests/Info.plist";
				LD_RUNPATH_SEARCH_PATHS = "$(inherited) @executable_path/Frameworks @loader_path/Frameworks";
				PRODUCT_BUNDLE_IDENTIFIER = "com.rainer.-0160328003-Quartz2D-ClipScreenTests";
				PRODUCT_NAME = "$(TARGET_NAME)";
				TEST_HOST = "$(BUILT_PRODUCTS_DIR)/20160328003-Quartz2D-ClipScreen.app/20160328003-Quartz2D-ClipScreen";
			};
			name = Release;
		};
		D5AD5FAD1CA918E800C645B5 /* Debug */ = {
			isa = XCBuildConfiguration;
			buildSettings = {
				INFOPLIST_FILE = "20160328003-Quartz2D-ClipScreenUITests/Info.plist";
				LD_RUNPATH_SEARCH_PATHS = "$(inherited) @executable_path/Frameworks @loader_path/Frameworks";
				PRODUCT_BUNDLE_IDENTIFIER = "com.rainer.-0160328003-Quartz2D-ClipScreenUITests";
				PRODUCT_NAME = "$(TARGET_NAME)";
				TEST_TARGET_NAME = "20160328003-Quartz2D-ClipScreen";
			};
			name = Debug;
		};
		D5AD5FAE1CA918E800C645B5 /* Release */ = {
			isa = XCBuildConfiguration;
			buildSettings = {
				INFOPLIST_FILE = "20160328003-Quartz2D-ClipScreenUITests/Info.plist";
				LD_RUNPATH_SEARCH_PATHS = "$(inherited) @executable_path/Frameworks @loader_path/Frameworks";
				PRODUCT_BUNDLE_IDENTIFIER = "com.rainer.-0160328003-Quartz2D-ClipScreenUITests";
				PRODUCT_NAME = "$(TARGET_NAME)";
				TEST_TARGET_NAME = "20160328003-Quartz2D-ClipScreen";
			};
			name = Release;
		};
/* End XCBuildConfiguration section */

/* Begin XCConfigurationList section */
		D5AD5F741CA918E800C645B5 /* Build configuration list for PBXProject "20160328003-Quartz2D-ClipScreen" */ = {
			isa = XCConfigurationList;
			buildConfigurations = (
				D5AD5FA41CA918E800C645B5 /* Debug */,
				D5AD5FA51CA918E800C645B5 /* Release */,
			);
			defaultConfigurationIsVisible = 0;
			defaultConfigurationName = Release;
		};
		D5AD5FA61CA918E800C645B5 /* Build configuration list for PBXNativeTarget "20160328003-Quartz2D-ClipScreen" */ = {
			isa = XCConfigurationList;
			buildConfigurations = (
				D5AD5FA71CA918E800C645B5 /* Debug */,
				D5AD5FA81CA918E800C645B5 /* Release */,
			);
			defaultConfigurationIsVisible = 0;
		};
		D5AD5FA91CA918E800C645B5 /* Build configuration list for PBXNativeTarget "20160328003-Quartz2D-ClipScreenTests" */ = {
			isa = XCConfigurationList;
			buildConfigurations = (
				D5AD5FAA1CA918E800C645B5 /* Debug */,
				D5AD5FAB1CA918E800C645B5 /* Release */,
			);
			defaultConfigurationIsVisible = 0;
		};
		D5AD5FAC1CA918E800C645B5 /* Build configuration list for PBXNativeTarget "20160328003-Quartz2D-ClipScreenUITests" */ = {
			isa = XCConfigurationList;
			buildConfigurations = (
				D5AD5FAD1CA918E800C645B5 /* Debug */,
				D5AD5FAE1CA918E800C645B5 /* Release */,
			);
			defaultConfigurationIsVisible = 0;
		};
/* End XCConfigurationList section */
	};
	rootObject = D5AD5F711CA918E800C645B5 /* Project object */;
}
